// !$*UTF8*$!
{
	archiveVersion = 1;
	classes = {
	};
	objectVersion = 55;
	objects = {

/* Begin PBXBuildFile section */
		B5CCFC0228AA1E9300A56FD9 /* AppDelegate.m in Sources */ = {isa = PBXBuildFile; fileRef = B5CCFC0128AA1E9300A56FD9 /* AppDelegate.m */; };
		B5CCFC0528AA1E9300A56FD9 /* SceneDelegate.m in Sources */ = {isa = PBXBuildFile; fileRef = B5CCFC0428AA1E9300A56FD9 /* SceneDelegate.m */; };
		B5CCFC0D28AA1E9800A56FD9 /* Assets.xcassets in Resources */ = {isa = PBXBuildFile; fileRef = B5CCFC0C28AA1E9800A56FD9 /* Assets.xcassets */; };
		B5CCFC1028AA1E9800A56FD9 /* LaunchScreen.storyboard in Resources */ = {isa = PBXBuildFile; fileRef = B5CCFC0E28AA1E9800A56FD9 /* LaunchScreen.storyboard */; };
		B5CCFC1328AA1E9800A56FD9 /* main.m in Sources */ = {isa = PBXBuildFile; fileRef = B5CCFC1228AA1E9800A56FD9 /* main.m */; };
		B5CCFC1D28AA1E9900A56FD9 /* Demo2_UITabBarControllerTests.m in Sources */ = {isa = PBXBuildFile; fileRef = B5CCFC1C28AA1E9900A56FD9 /* Demo2_UITabBarControllerTests.m */; };
		B5CCFC2728AA1E9900A56FD9 /* Demo2_UITabBarControllerUITests.m in Sources */ = {isa = PBXBuildFile; fileRef = B5CCFC2628AA1E9900A56FD9 /* Demo2_UITabBarControllerUITests.m */; };
		B5CCFC2928AA1E9900A56FD9 /* Demo2_UITabBarControllerUITestsLaunchTests.m in Sources */ = {isa = PBXBuildFile; fileRef = B5CCFC2828AA1E9900A56FD9 /* Demo2_UITabBarControllerUITestsLaunchTests.m */; };
		B5CCFC3728AA1FAD00A56FD9 /* FirstViewController.m in Sources */ = {isa = PBXBuildFile; fileRef = B5CCFC3628AA1FAD00A56FD9 /* FirstViewController.m */; };
		B5CCFC3A28AA1FC100A56FD9 /* SecondViewController.m in Sources */ = {isa = PBXBuildFile; fileRef = B5CCFC3928AA1FC100A56FD9 /* SecondViewController.m */; };
/* End PBXBuildFile section */

/* Begin PBXContainerItemProxy section */
		B5CCFC1928AA1E9900A56FD9 /* PBXContainerItemProxy */ = {
			isa = PBXContainerItemProxy;
			containerPortal = B5CCFBF528AA1E9300A56FD9 /* Project object */;
			proxyType = 1;
			remoteGlobalIDString = B5CCFBFC28AA1E9300A56FD9;
			remoteInfo = Demo2_UITabBarController;
		};
		B5CCFC2328AA1E9900A56FD9 /* PBXContainerItemProxy */ = {
			isa = PBXContainerItemProxy;
			containerPortal = B5CCFBF528AA1E9300A56FD9 /* Project object */;
			proxyType = 1;
			remoteGlobalIDString = B5CCFBFC28AA1E9300A56FD9;
			remoteInfo = Demo2_UITabBarController;
		};
/* End PBXContainerItemProxy section */

/* Begin PBXFileReference section */
		B5CCFBFD28AA1E9300A56FD9 /* Demo2_UITabBarController.app */ = {isa = PBXFileReference; explicitFileType = wrapper.application; includeInIndex = 0; path = Demo2_UITabBarController.app; sourceTree = BUILT_PRODUCTS_DIR; };
		B5CCFC0028AA1E9300A56FD9 /* AppDelegate.h */ = {isa = PBXFileReference; lastKnownFileType = sourcecode.c.h; path = AppDelegate.h; sourceTree = "<group>"; };
		B5CCFC0128AA1E9300A56FD9 /* AppDelegate.m */ = {isa = PBXFileReference; lastKnownFileType = sourcecode.c.objc; path = AppDelegate.m; sourceTree = "<group>"; };
		B5CCFC0328AA1E9300A56FD9 /* SceneDelegate.h */ = {isa = PBXFileReference; lastKnownFileType = sourcecode.c.h; path = SceneDelegate.h; sourceTree = "<group>"; };
		B5CCFC0428AA1E9300A56FD9 /* SceneDelegate.m */ = {isa = PBXFileReference; lastKnownFileType = sourcecode.c.objc; path = SceneDelegate.m; sourceTree = "<group>"; };
		B5CCFC0C28AA1E9800A56FD9 /* Assets.xcassets */ = {isa = PBXFileReference; lastKnownFileType = folder.assetcatalog; path = Assets.xcassets; sourceTree = "<group>"; };
		B5CCFC0F28AA1E9800A56FD9 /* Base */ = {isa = PBXFileReference; lastKnownFileType = file.storyboard; name = Base; path = Base.lproj/LaunchScreen.storyboard; sourceTree = "<group>"; };
		B5CCFC1128AA1E9800A56FD9 /* Info.plist */ = {isa = PBXFileReference; lastKnownFileType = text.plist.xml; path = Info.plist; sourceTree = "<group>"; };
		B5CCFC1228AA1E9800A56FD9 /* main.m */ = {isa = PBXFileReference; lastKnownFileType = sourcecode.c.objc; path = main.m; sourceTree = "<group>"; };
		B5CCFC1828AA1E9900A56FD9 /* Demo2_UITabBarControllerTests.xctest */ = {isa = PBXFileReference; explicitFileType = wrapper.cfbundle; includeInIndex = 0; path = Demo2_UITabBarControllerTests.xctest; sourceTree = BUILT_PRODUCTS_DIR; };
		B5CCFC1C28AA1E9900A56FD9 /* Demo2_UITabBarControllerTests.m */ = {isa = PBXFileReference; lastKnownFileType = sourcecode.c.objc; path = Demo2_UITabBarControllerTests.m; sourceTree = "<group>"; };
		B5CCFC2228AA1E9900A56FD9 /* Demo2_UITabBarControllerUITests.xctest */ = {isa = PBXFileReference; explicitFileType = wrapper.cfbundle; includeInIndex = 0; path = Demo2_UITabBarControllerUITests.xctest; sourceTree = BUILT_PRODUCTS_DIR; };
		B5CCFC2628AA1E9900A56FD9 /* Demo2_UITabBarControllerUITests.m */ = {isa = PBXFileReference; lastKnownFileType = sourcecode.c.objc; path = Demo2_UITabBarControllerUITests.m; sourceTree = "<group>"; };
		B5CCFC2828AA1E9900A56FD9 /* Demo2_UITabBarControllerUITestsLaunchTests.m */ = {isa = PBXFileReference; lastKnownFileType = sourcecode.c.objc; path = Demo2_UITabBarControllerUITestsLaunchTests.m; sourceTree = "<group>"; };
		B5CCFC3528AA1FAD00A56FD9 /* FirstViewController.h */ = {isa = PBXFileReference; lastKnownFileType = sourcecode.c.h; path = FirstViewController.h; sourceTree = "<group>"; };
		B5CCFC3628AA1FAD00A56FD9 /* FirstViewController.m */ = {isa = PBXFileReference; lastKnownFileType = sourcecode.c.objc; path = FirstViewController.m; sourceTree = "<group>"; };
		B5CCFC3828AA1FC100A56FD9 /* SecondViewController.h */ = {isa = PBXFileReference; lastKnownFileType = sourcecode.c.h; path = SecondViewController.h; sourceTree = "<group>"; };
		B5CCFC3928AA1FC100A56FD9 /* SecondViewController.m */ = {isa = PBXFileReference; lastKnownFileType = sourcecode.c.objc; path = SecondViewController.m; sourceTree = "<group>"; };
/* End PBXFileReference section */

/* Begin PBXFrameworksBuildPhase section */
		B5CCFBFA28AA1E9300A56FD9 /* Frameworks */ = {
			isa = PBXFrameworksBuildPhase;
			buildActionMask = 2147483647;
			files = (
			);
			runOnlyForDeploymentPostprocessing = 0;
		};
		B5CCFC1528AA1E9900A56FD9 /* Frameworks */ = {
			isa = PBXFrameworksBuildPhase;
			buildActionMask = 2147483647;
			files = (
			);
			runOnlyForDeploymentPostprocessing = 0;
		};
		B5CCFC1F28AA1E9900A56FD9 /* Frameworks */ = {
			isa = PBXFrameworksBuildPhase;
			buildActionMask = 2147483647;
			files = (
			);
			runOnlyForDeploymentPostprocessing = 0;
		};
/* End PBXFrameworksBuildPhase section */

/* Begin PBXGroup section */
		B5CCFBF428AA1E9300A56FD9 = {
			isa = PBXGroup;
			children = (
				B5CCFBFF28AA1E9300A56FD9 /* Demo2_UITabBarController */,
				B5CCFC1B28AA1E9900A56FD9 /* Demo2_UITabBarControllerTests */,
				B5CCFC2528AA1E9900A56FD9 /* Demo2_UITabBarControllerUITests */,
				B5CCFBFE28AA1E9300A56FD9 /* Products */,
			);
			sourceTree = "<group>";
		};
		B5CCFBFE28AA1E9300A56FD9 /* Products */ = {
			isa = PBXGroup;
			children = (
				B5CCFBFD28AA1E9300A56FD9 /* Demo2_UITabBarController.app */,
				B5CCFC1828AA1E9900A56FD9 /* Demo2_UITabBarControllerTests.xctest */,
				B5CCFC2228AA1E9900A56FD9 /* Demo2_UITabBarControllerUITests.xctest */,
			);
			name = Products;
			sourceTree = "<group>";
		};
		B5CCFBFF28AA1E9300A56FD9 /* Demo2_UITabBarController */ = {
			isa = PBXGroup;
			children = (
				B5CCFC0028AA1E9300A56FD9 /* AppDelegate.h */,
				B5CCFC0128AA1E9300A56FD9 /* AppDelegate.m */,
				B5CCFC0328AA1E9300A56FD9 /* SceneDelegate.h */,
				B5CCFC0428AA1E9300A56FD9 /* SceneDelegate.m */,
				B5CCFC0C28AA1E9800A56FD9 /* Assets.xcassets */,
				B5CCFC0E28AA1E9800A56FD9 /* LaunchScreen.storyboard */,
				B5CCFC1128AA1E9800A56FD9 /* Info.plist */,
				B5CCFC1228AA1E9800A56FD9 /* main.m */,
				B5CCFC3528AA1FAD00A56FD9 /* FirstViewController.h */,
				B5CCFC3628AA1FAD00A56FD9 /* FirstViewController.m */,
				B5CCFC3828AA1FC100A56FD9 /* SecondViewController.h */,
				B5CCFC3928AA1FC100A56FD9 /* SecondViewController.m */,
			);
			path = Demo2_UITabBarController;
			sourceTree = "<group>";
		};
		B5CCFC1B28AA1E9900A56FD9 /* Demo2_UITabBarControllerTests */ = {
			isa = PBXGroup;
			children = (
				B5CCFC1C28AA1E9900A56FD9 /* Demo2_UITabBarControllerTests.m */,
			);
			path = Demo2_UITabBarControllerTests;
			sourceTree = "<group>";
		};
		B5CCFC2528AA1E9900A56FD9 /* Demo2_UITabBarControllerUITests */ = {
			isa = PBXGroup;
			children = (
				B5CCFC2628AA1E9900A56FD9 /* Demo2_UITabBarControllerUITests.m */,
				B5CCFC2828AA1E9900A56FD9 /* Demo2_UITabBarControllerUITestsLaunchTests.m */,
			);
			path = Demo2_UITabBarControllerUITests;
			sourceTree = "<group>";
		};
/* End PBXGroup section */

/* Begin PBXNativeTarget section */
		B5CCFBFC28AA1E9300A56FD9 /* Demo2_UITabBarController */ = {
			isa = PBXNativeTarget;
			buildConfigurationList = B5CCFC2C28AA1E9900A56FD9 /* Build configuration list for PBXNativeTarget "Demo2_UITabBarController" */;
			buildPhases = (
				B5CCFBF928AA1E9300A56FD9 /* Sources */,
				B5CCFBFA28AA1E9300A56FD9 /* Frameworks */,
				B5CCFBFB28AA1E9300A56FD9 /* Resources */,
			);
			buildRules = (
			);
			dependencies = (
			);
			name = Demo2_UITabBarController;
			productName = Demo2_UITabBarController;
			productReference = B5CCFBFD28AA1E9300A56FD9 /* Demo2_UITabBarController.app */;
			productType = "com.apple.product-type.application";
		};
		B5CCFC1728AA1E9900A56FD9 /* Demo2_UITabBarControllerTests */ = {
			isa = PBXNativeTarget;
			buildConfigurationList = B5CCFC2F28AA1E9900A56FD9 /* Build configuration list for PBXNativeTarget "Demo2_UITabBarControllerTests" */;
			buildPhases = (
				B5CCFC1428AA1E9900A56FD9 /* Sources */,
				B5CCFC1528AA1E9900A56FD9 /* Frameworks */,
				B5CCFC1628AA1E9900A56FD9 /* Resources */,
			);
			buildRules = (
			);
			dependencies = (
				B5CCFC1A28AA1E9900A56FD9 /* PBXTargetDependency */,
			);
			name = Demo2_UITabBarControllerTests;
			productName = Demo2_UITabBarControllerTests;
			productReference = B5CCFC1828AA1E9900A56FD9 /* Demo2_UITabBarControllerTests.xctest */;
			productType = "com.apple.product-type.bundle.unit-test";
		};
		B5CCFC2128AA1E9900A56FD9 /* Demo2_UITabBarControllerUITests */ = {
			isa = PBXNativeTarget;
			buildConfigurationList = B5CCFC3228AA1E9900A56FD9 /* Build configuration list for PBXNativeTarget "Demo2_UITabBarControllerUITests" */;
			buildPhases = (
				B5CCFC1E28AA1E9900A56FD9 /* Sources */,
				B5CCFC1F28AA1E9900A56FD9 /* Frameworks */,
				B5CCFC2028AA1E9900A56FD9 /* Resources */,
			);
			buildRules = (
			);
			dependencies = (
				B5CCFC2428AA1E9900A56FD9 /* PBXTargetDependency */,
			);
			name = Demo2_UITabBarControllerUITests;
			productName = Demo2_UITabBarControllerUITests;
			productReference = B5CCFC2228AA1E9900A56FD9 /* Demo2_UITabBarControllerUITests.xctest */;
			productType = "com.apple.product-type.bundle.ui-testing";
		};
/* End PBXNativeTarget section */

/* Begin PBXProject section */
		B5CCFBF528AA1E9300A56FD9 /* Project object */ = {
			isa = PBXProject;
			attributes = {
				BuildIndependentTargetsInParallel = 1;
				LastUpgradeCheck = 1340;
				TargetAttributes = {
					B5CCFBFC28AA1E9300A56FD9 = {
						CreatedOnToolsVersion = 13.4.1;
					};
					B5CCFC1728AA1E9900A56FD9 = {
						CreatedOnToolsVersion = 13.4.1;
						TestTargetID = B5CCFBFC28AA1E9300A56FD9;
					};
					B5CCFC2128AA1E9900A56FD9 = {
						CreatedOnToolsVersion = 13.4.1;
						TestTargetID = B5CCFBFC28AA1E9300A56FD9;
					};
				};
			};
			buildConfigurationList = B5CCFBF828AA1E9300A56FD9 /* Build configuration list for PBXProject "Demo2_UITabBarController" */;
			compatibilityVersion = "Xcode 13.0";
			developmentRegion = en;
			hasScannedForEncodings = 0;
			knownRegions = (
				en,
				Base,
			);
			mainGroup = B5CCFBF428AA1E9300A56FD9;
			productRefGroup = B5CCFBFE28AA1E9300A56FD9 /* Products */;
			projectDirPath = "";
			projectRoot = "";
			targets = (
				B5CCFBFC28AA1E9300A56FD9 /* Demo2_UITabBarController */,
				B5CCFC1728AA1E9900A56FD9 /* Demo2_UITabBarControllerTests */,
				B5CCFC2128AA1E9900A56FD9 /* Demo2_UITabBarControllerUITests */,
			);
		};
/* End PBXProject section */

/* Begin PBXResourcesBuildPhase section */
		B5CCFBFB28AA1E9300A56FD9 /* Resources */ = {
			isa = PBXResourcesBuildPhase;
			buildActionMask = 2147483647;
			files = (
				B5CCFC1028AA1E9800A56FD9 /* LaunchScreen.storyboard in Resources */,
				B5CCFC0D28AA1E9800A56FD9 /* Assets.xcassets in Resources */,
			);
			runOnlyForDeploymentPostprocessing = 0;
		};
		B5CCFC1628AA1E9900A56FD9 /* Resources */ = {
			isa = PBXResourcesBuildPhase;
			buildActionMask = 2147483647;
			files = (
			);
			runOnlyForDeploymentPostprocessing = 0;
		};
		B5CCFC2028AA1E9900A56FD9 /* Resources */ = {
			isa = PBXResourcesBuildPhase;
			buildActionMask = 2147483647;
			files = (
			);
			runOnlyForDeploymentPostprocessing = 0;
		};
/* End PBXResourcesBuildPhase section */

/* Begin PBXSourcesBuildPhase section */
		B5CCFBF928AA1E9300A56FD9 /* Sources */ = {
			isa = PBXSourcesBuildPhase;
			buildActionMask = 2147483647;
			files = (
				B5CCFC3A28AA1FC100A56FD9 /* SecondViewController.m in Sources */,
				B5CCFC0228AA1E9300A56FD9 /* AppDelegate.m in Sources */,
				B5CCFC1328AA1E9800A56FD9 /* main.m in Sources */,
				B5CCFC0528AA1E9300A56FD9 /* SceneDelegate.m in Sources */,
				B5CCFC3728AA1FAD00A56FD9 /* FirstViewController.m in Sources */,
			);
			runOnlyForDeploymentPostprocessing = 0;
		};
		B5CCFC1428AA1E9900A56FD9 /* Sources */ = {
			isa = PBXSourcesBuildPhase;
			buildActionMask = 2147483647;
			files = (
				B5CCFC1D28AA1E9900A56FD9 /* Demo2_UITabBarControllerTests.m in Sources */,
			);
			runOnlyForDeploymentPostprocessing = 0;
		};
		B5CCFC1E28AA1E9900A56FD9 /* Sources */ = {
			isa = PBXSourcesBuildPhase;
			buildActionMask = 2147483647;
			files = (
				B5CCFC2928AA1E9900A56FD9 /* Demo2_UITabBarControllerUITestsLaunchTests.m in Sources */,
				B5CCFC2728AA1E9900A56FD9 /* Demo2_UITabBarControllerUITests.m in Sources */,
			);
			runOnlyForDeploymentPostprocessing = 0;
		};
/* End PBXSourcesBuildPhase section */

/* Begin PBXTargetDependency section */
		B5CCFC1A28AA1E9900A56FD9 /* PBXTargetDependency */ = {
			isa = PBXTargetDependency;
			target = B5CCFBFC28AA1E9300A56FD9 /* Demo2_UITabBarController */;
			targetProxy = B5CCFC1928AA1E9900A56FD9 /* PBXContainerItemProxy */;
		};
		B5CCFC2428AA1E9900A56FD9 /* PBXTargetDependency */ = {
			isa = PBXTargetDependency;
			target = B5CCFBFC28AA1E9300A56FD9 /* Demo2_UITabBarController */;
			targetProxy = B5CCFC2328AA1E9900A56FD9 /* PBXContainerItemProxy */;
		};
/* End PBXTargetDependency section */

/* Begin PBXVariantGroup section */
		B5CCFC0E28AA1E9800A56FD9 /* LaunchScreen.storyboard */ = {
			isa = PBXVariantGroup;
			children = (
				B5CCFC0F28AA1E9800A56FD9 /* Base */,
			);
			name = LaunchScreen.storyboard;
			sourceTree = "<group>";
		};
/* End PBXVariantGroup section */

/* Begin XCBuildConfiguration section */
		B5CCFC2A28AA1E9900A56FD9 /* Debug */ = {
			isa = XCBuildConfiguration;
			buildSettings = {
				ALWAYS_SEARCH_USER_PATHS = NO;
				CLANG_ANALYZER_NONNULL = YES;
				CLANG_ANALYZER_NUMBER_OBJECT_CONVERSION = YES_AGGRESSIVE;
				CLANG_CXX_LANGUAGE_STANDARD = "gnu++17";
				CLANG_ENABLE_MODULES = YES;
				CLANG_ENABLE_OBJC_ARC = YES;
				CLANG_ENABLE_OBJC_WEAK = YES;
				CLANG_WARN_BLOCK_CAPTURE_AUTORELEASING = YES;
				CLANG_WARN_BOOL_CONVERSION = YES;
				CLANG_WARN_COMMA = YES;
				CLANG_WARN_CONSTANT_CONVERSION = YES;
				CLANG_WARN_DEPRECATED_OBJC_IMPLEMENTATIONS = YES;
				CLANG_WARN_DIRECT_OBJC_ISA_USAGE = YES_ERROR;
				CLANG_WARN_DOCUMENTATION_COMMENTS = YES;
				CLANG_WARN_EMPTY_BODY = YES;
				CLANG_WARN_ENUM_CONVERSION = YES;
				CLANG_WARN_INFINITE_RECURSION = YES;
				CLANG_WARN_INT_CONVERSION = YES;
				CLANG_WARN_NON_LITERAL_NULL_CONVERSION = YES;
				CLANG_WARN_OBJC_IMPLICIT_RETAIN_SELF = YES;
				CLANG_WARN_OBJC_LITERAL_CONVERSION = YES;
				CLANG_WARN_OBJC_ROOT_CLASS = YES_ERROR;
				CLANG_WARN_QUOTED_INCLUDE_IN_FRAMEWORK_HEADER = YES;
				CLANG_WARN_RANGE_LOOP_ANALYSIS = YES;
				CLANG_WARN_STRICT_PROTOTYPES = YES;
				CLANG_WARN_SUSPICIOUS_MOVE = YES;
				CLANG_WARN_UNGUARDED_AVAILABILITY = YES_AGGRESSIVE;
				CLANG_WARN_UNREACHABLE_CODE = YES;
				CLANG_WARN__DUPLICATE_METHOD_MATCH = YES;
				COPY_PHASE_STRIP = NO;
				DEBUG_INFORMATION_FORMAT = dwarf;
				ENABLE_STRICT_OBJC_MSGSEND = YES;
				ENABLE_TESTABILITY = YES;
				GCC_C_LANGUAGE_STANDARD = gnu11;
				GCC_DYNAMIC_NO_PIC = NO;
				GCC_NO_COMMON_BLOCKS = YES;
				GCC_OPTIMIZATION_LEVEL = 0;
				GCC_PREPROCESSOR_DEFINITIONS = (
					"DEBUG=1",
					"$(inherited)",
				);
				GCC_WARN_64_TO_32_BIT_CONVERSION = YES;
				GCC_WARN_ABOUT_RETURN_TYPE = YES_ERROR;
				GCC_WARN_UNDECLARED_SELECTOR = YES;
				GCC_WARN_UNINITIALIZED_AUTOS = YES_AGGRESSIVE;
				GCC_WARN_UNUSED_FUNCTION = YES;
				GCC_WARN_UNUSED_VARIABLE = YES;
				IPHONEOS_DEPLOYMENT_TARGET = 15.5;
				MTL_ENABLE_DEBUG_INFO = INCLUDE_SOURCE;
				MTL_FAST_MATH = YES;
				ONLY_ACTIVE_ARCH = YES;
				SDKROOT = iphoneos;
			};
			name = Debug;
		};
		B5CCFC2B28AA1E9900A56FD9 /* Release */ = {
			isa = XCBuildConfiguration;
			buildSettings = {
				ALWAYS_SEARCH_USER_PATHS = NO;
				CLANG_ANALYZER_NONNULL = YES;
				CLANG_ANALYZER_NUMBER_OBJECT_CONVERSION = YES_AGGRESSIVE;
				CLANG_CXX_LANGUAGE_STANDARD = "gnu++17";
				CLANG_ENABLE_MODULES = YES;
				CLANG_ENABLE_OBJC_ARC = YES;
				CLANG_ENABLE_OBJC_WEAK = YES;
				CLANG_WARN_BLOCK_CAPTURE_AUTORELEASING = YES;
				CLANG_WARN_BOOL_CONVERSION = YES;
				CLANG_WARN_COMMA = YES;
				CLANG_WARN_CONSTANT_CONVERSION = YES;
				CLANG_WARN_DEPRECATED_OBJC_IMPLEMENTATIONS = YES;
				CLANG_WARN_DIRECT_OBJC_ISA_USAGE = YES_ERROR;
				CLANG_WARN_DOCUMENTATION_COMMENTS = YES;
				CLANG_WARN_EMPTY_BODY = YES;
				CLANG_WARN_ENUM_CONVERSION = YES;
				CLANG_WARN_INFINITE_RECURSION = YES;
				CLANG_WARN_INT_CONVERSION = YES;
				CLANG_WARN_NON_LITERAL_NULL_CONVERSION = YES;
				CLANG_WARN_OBJC_IMPLICIT_RETAIN_SELF = YES;
				CLANG_WARN_OBJC_LITERAL_CONVERSION = YES;
				CLANG_WARN_OBJC_ROOT_CLASS = YES_ERROR;
				CLANG_WARN_QUOTED_INCLUDE_IN_FRAMEWORK_HEADER = YES;
				CLANG_WARN_RANGE_LOOP_ANALYSIS = YES;
				CLANG_WARN_STRICT_PROTOTYPES = YES;
				CLANG_WARN_SUSPICIOUS_MOVE = YES;
				CLANG_WARN_UNGUARDED_AVAILABILITY = YES_AGGRESSIVE;
				CLANG_WARN_UNREACHABLE_CODE = YES;
				CLANG_WARN__DUPLICATE_METHOD_MATCH = YES;
				COPY_PHASE_STRIP = NO;
				DEBUG_INFORMATION_FORMAT = "dwarf-with-dsym";
				ENABLE_NS_ASSERTIONS = NO;
				ENABLE_STRICT_OBJC_MSGSEND = YES;
				GCC_C_LANGUAGE_STANDARD = gnu11;
				GCC_NO_COMMON_BLOCKS = YES;
				GCC_WARN_64_TO_32_BIT_CONVERSION = YES;
				GCC_WARN_ABOUT_RETURN_TYPE = YES_ERROR;
				GCC_WARN_UNDECLARED_SELECTOR = YES;
				GCC_WARN_UNINITIALIZED_AUTOS = YES_AGGRESSIVE;
				GCC_WARN_UNUSED_FUNCTION = YES;
				GCC_WARN_UNUSED_VARIABLE = YES;
				IPHONEOS_DEPLOYMENT_TARGET = 15.5;
				MTL_ENABLE_DEBUG_INFO = NO;
				MTL_FAST_MATH = YES;
				SDKROOT = iphoneos;
				VALIDATE_PRODUCT = YES;
			};
			name = Release;
		};
		B5CCFC2D28AA1E9900A56FD9 /* Debug */ = {
			isa = XCBuildConfiguration;
			buildSettings = {
				ASSETCATALOG_COMPILER_APPICON_NAME = AppIcon;
				ASSETCATALOG_COMPILER_GLOBAL_ACCENT_COLOR_NAME = AccentColor;
				CODE_SIGN_STYLE = Automatic;
				CURRENT_PROJECT_VERSION = 1;
				GENERATE_INFOPLIST_FILE = YES;
				INFOPLIST_FILE = Demo2_UITabBarController/Info.plist;
				INFOPLIST_KEY_UIApplicationSupportsIndirectInputEvents = YES;
				INFOPLIST_KEY_UILaunchStoryboardName = LaunchScreen;
				INFOPLIST_KEY_UISupportedInterfaceOrientations_iPad = "UIInterfaceOrientationPortrait UIInterfaceOrientationPortraitUpsideDown UIInterfaceOrientationLandscapeLeft UIInterfaceOrientationLandscapeRight";
				INFOPLIST_KEY_UISupportedInterfaceOrientations_iPhone = "UIInterfaceOrientationPortrait UIInterfaceOrientationLandscapeLeft UIInterfaceOrientationLandscapeRight";
				LD_RUNPATH_SEARCH_PATHS = (
					"$(inherited)",
					"@executable_path/Frameworks",
				);
				MARKETING_VERSION = 1.0;
				PRODUCT_BUNDLE_IDENTIFIER = "demo.Demo2-UITabBarController";
				PRODUCT_NAME = "$(TARGET_NAME)";
				SWIFT_EMIT_LOC_STRINGS = YES;
				TARGETED_DEVICE_FAMILY = "1,2";
			};
			name = Debug;
		};
		B5CCFC2E28AA1E9900A56FD9 /* Release */ = {
			isa = XCBuildConfiguration;
			buildSettings = {
				ASSETCATALOG_COMPILER_APPICON_NAME = AppIcon;
				ASSETCATALOG_COMPILER_GLOBAL_ACCENT_COLOR_NAME = AccentColor;
				CODE_SIGN_STYLE = Automatic;
				CURRENT_PROJECT_VERSION = 1;
				GENERATE_INFOPLIST_FILE = YES;
				INFOPLIST_FILE = Demo2_UITabBarController/Info.plist;
				INFOPLIST_KEY_UIApplicationSupportsIndirectInputEvents = YES;
				INFOPLIST_KEY_UILaunchStoryboardName = LaunchScreen;
				INFOPLIST_KEY_UISupportedInterfaceOrientations_iPad = "UIInterfaceOrientationPortrait UIInterfaceOrientationPortraitUpsideDown UIInterfaceOrientationLandscapeLeft UIInterfaceOrientationLandscapeRight";
				INFOPLIST_KEY_UISupportedInterfaceOrientations_iPhone = "UIInterfaceOrientationPortrait UIInterfaceOrientationLandscapeLeft UIInterfaceOrientationLandscapeRight";
				LD_RUNPATH_SEARCH_PATHS = (
					"$(inherited)",
					"@executable_path/Frameworks",
				);
				MARKETING_VERSION = 1.0;
				PRODUCT_BUNDLE_IDENTIFIER = "demo.Demo2-UITabBarController";
				PRODUCT_NAME = "$(TARGET_NAME)";
				SWIFT_EMIT_LOC_STRINGS = YES;
				TARGETED_DEVICE_FAMILY = "1,2";
			};
			name = Release;
		};
		B5CCFC3028AA1E9900A56FD9 /* Debug */ = {
			isa = XCBuildConfiguration;
			buildSettings = {
				BUNDLE_LOADER = "$(TEST_HOST)";
				CODE_SIGN_STYLE = Automatic;
				CURRENT_PROJECT_VERSION = 1;
				GENERATE_INFOPLIST_FILE = YES;
				IPHONEOS_DEPLOYMENT_TARGET = 15.5;
				MARKETING_VERSION = 1.0;
				PRODUCT_BUNDLE_IDENTIFIER = "demo.Demo2-UITabBarControllerTests";
				PRODUCT_NAME = "$(TARGET_NAME)";
				SWIFT_EMIT_LOC_STRINGS = NO;
				TARGETED_DEVICE_FAMILY = "1,2";
				TEST_HOST = "$(BUILT_PRODUCTS_DIR)/Demo2_UITabBarController.app/Demo2_UITabBarController";
			};
			name = Debug;
		};
		B5CCFC3128AA1E9900A56FD9 /* Release */ = {
			isa = XCBuildConfiguration;
			buildSettings = {
				BUNDLE_LOADER = "$(TEST_HOST)";
				CODE_SIGN_STYLE = Automatic;
				CURRENT_PROJECT_VERSION = 1;
				GENERATE_INFOPLIST_FILE = YES;
				IPHONEOS_DEPLOYMENT_TARGET = 15.5;
				MARKETING_VERSION = 1.0;
				PRODUCT_BUNDLE_IDENTIFIER = "demo.Demo2-UITabBarControllerTests";
				PRODUCT_NAME = "$(TARGET_NAME)";
				SWIFT_EMIT_LOC_STRINGS = NO;
				TARGETED_DEVICE_FAMILY = "1,2";
				TEST_HOST = "$(BUILT_PRODUCTS_DIR)/Demo2_UITabBarController.app/Demo2_UITabBarController";
			};
			name = Release;
		};
		B5CCFC3328AA1E9900A56FD9 /* Debug */ = {
			isa = XCBuildConfiguration;
			buildSettings = {
				CODE_SIGN_STYLE = Automatic;
				CURRENT_PROJECT_VERSION = 1;
				GENERATE_INFOPLIST_FILE = YES;
				MARKETING_VERSION = 1.0;
				PRODUCT_BUNDLE_IDENTIFIER = "demo.Demo2-UITabBarControllerUITests";
				PRODUCT_NAME = "$(TARGET_NAME)";
				SWIFT_EMIT_LOC_STRINGS = NO;
				TARGETED_DEVICE_FAMILY = "1,2";
				TEST_TARGET_NAME = Demo2_UITabBarController;
			};
			name = Debug;
		};
		B5CCFC3428AA1E9900A56FD9 /* Release */ = {
			isa = XCBuildConfiguration;
			buildSettings = {
				CODE_SIGN_STYLE = Automatic;
				CURRENT_PROJECT_VERSION = 1;
				GENERATE_INFOPLIST_FILE = YES;
				MARKETING_VERSION = 1.0;
				PRODUCT_BUNDLE_IDENTIFIER = "demo.Demo2-UITabBarControllerUITests";
				PRODUCT_NAME = "$(TARGET_NAME)";
				SWIFT_EMIT_LOC_STRINGS = NO;
				TARGETED_DEVICE_FAMILY = "1,2";
				TEST_TARGET_NAME = Demo2_UITabBarController;
			};
			name = Release;
		};
/* End XCBuildConfiguration section */

/* Begin XCConfigurationList section */
		B5CCFBF828AA1E9300A56FD9 /* Build configuration list for PBXProject "Demo2_UITabBarController" */ = {
			isa = XCConfigurationList;
			buildConfigurations = (
				B5CCFC2A28AA1E9900A56FD9 /* Debug */,
				B5CCFC2B28AA1E9900A56FD9 /* Release */,
			);
			defaultConfigurationIsVisible = 0;
			defaultConfigurationName = Release;
		};
		B5CCFC2C28AA1E9900A56FD9 /* Build configuration list for PBXNativeTarget "Demo2_UITabBarController" */ = {
			isa = XCConfigurationList;
			buildConfigurations = (
				B5CCFC2D28AA1E9900A56FD9 /* Debug */,
				B5CCFC2E28AA1E9900A56FD9 /* Release */,
			);
			defaultConfigurationIsVisible = 0;
			defaultConfigurationName = Release;
		};
		B5CCFC2F28AA1E9900A56FD9 /* Build configuration list for PBXNativeTarget "Demo2_UITabBarControllerTests" */ = {
			isa = XCConfigurationList;
			buildConfigurations = (
				B5CCFC3028AA1E9900A56FD9 /* Debug */,
				B5CCFC3128AA1E9900A56FD9 /* Release */,
			);
			defaultConfigurationIsVisible = 0;
			defaultConfigurationName = Release;
		};
		B5CCFC3228AA1E9900A56FD9 /* Build configuration list for PBXNativeTarget "Demo2_UITabBarControllerUITests" */ = {
			isa = XCConfigurationList;
			buildConfigurations = (
				B5CCFC3328AA1E9900A56FD9 /* Debug */,
				B5CCFC3428AA1E9900A56FD9 /* Release */,
			);
			defaultConfigurationIsVisible = 0;
			defaultConfigurationName = Release;
		};
/* End XCConfigurationList section */
	};
	rootObject = B5CCFBF528AA1E9300A56FD9 /* Project object */;
}
